// !$*UTF8*$!
{
	archiveVersion = 1;
	classes = {
	};
	objectVersion = 46;
	objects = {

/* Begin PBXBuildFile section */
		862262671AF754EF00C46B0D /* ImageCameraViewController.swift in Sources */ = {isa = PBXBuildFile; fileRef = 862262621AF754EF00C46B0D /* ImageCameraViewController.swift */; };
		865D242A1AF9E9C90097AE35 /* login2.jpg in Resources */ = {isa = PBXBuildFile; fileRef = 865D24271AF9E9C90097AE35 /* login2.jpg */; };
		865D242B1AF9E9C90097AE35 /* teacher.png in Resources */ = {isa = PBXBuildFile; fileRef = 865D24281AF9E9C90097AE35 /* teacher.png */; };
		865D242E1AF9E9DF0097AE35 /* Tini.png in Resources */ = {isa = PBXBuildFile; fileRef = 865D242D1AF9E9DF0097AE35 /* Tini.png */; };
		865D24301AF9EA6D0097AE35 /* LoginViewController.swift in Sources */ = {isa = PBXBuildFile; fileRef = 865D242F1AF9EA6D0097AE35 /* LoginViewController.swift */; };
		8670878F1ABFE32E00EAAF7B /* AppDelegate.swift in Sources */ = {isa = PBXBuildFile; fileRef = 8670878E1ABFE32E00EAAF7B /* AppDelegate.swift */; };
		867087941ABFE32E00EAAF7B /* Main.storyboard in Resources */ = {isa = PBXBuildFile; fileRef = 867087921ABFE32E00EAAF7B /* Main.storyboard */; };
		867087961ABFE32E00EAAF7B /* Images.xcassets in Resources */ = {isa = PBXBuildFile; fileRef = 867087951ABFE32E00EAAF7B /* Images.xcassets */; };
		867087991ABFE32E00EAAF7B /* LaunchScreen.xib in Resources */ = {isa = PBXBuildFile; fileRef = 867087971ABFE32E00EAAF7B /* LaunchScreen.xib */; };
		867087A51ABFE32F00EAAF7B /* test1Tests.swift in Sources */ = {isa = PBXBuildFile; fileRef = 867087A41ABFE32F00EAAF7B /* test1Tests.swift */; };
		867087AF1ABFED3B00EAAF7B /* EventsViewController.swift in Sources */ = {isa = PBXBuildFile; fileRef = 867087AE1ABFED3B00EAAF7B /* EventsViewController.swift */; };
		867E46131ACCEC290096E8AC /* FMDatabase.m in Sources */ = {isa = PBXBuildFile; fileRef = 867E460A1ACCEC290096E8AC /* FMDatabase.m */; };
		867E46141ACCEC290096E8AC /* FMResultSet.m in Sources */ = {isa = PBXBuildFile; fileRef = 867E460C1ACCEC290096E8AC /* FMResultSet.m */; };
		867E46151ACCEC290096E8AC /* FMDatabaseQueue.m in Sources */ = {isa = PBXBuildFile; fileRef = 867E460E1ACCEC290096E8AC /* FMDatabaseQueue.m */; };
		867E46161ACCEC290096E8AC /* FMDatabaseAdditions.m in Sources */ = {isa = PBXBuildFile; fileRef = 867E46101ACCEC290096E8AC /* FMDatabaseAdditions.m */; };
		867E46171ACCEC290096E8AC /* FMDatabasePool.m in Sources */ = {isa = PBXBuildFile; fileRef = 867E46121ACCEC290096E8AC /* FMDatabasePool.m */; };
		867E46191ACCECAF0096E8AC /* libsqlite3.0.dylib in Frameworks */ = {isa = PBXBuildFile; fileRef = 867E46181ACCECAF0096E8AC /* libsqlite3.0.dylib */; };
		867E461B1ACCECB60096E8AC /* libsqlite3.dylib in Frameworks */ = {isa = PBXBuildFile; fileRef = 867E461A1ACCECB60096E8AC /* libsqlite3.dylib */; };
		86C9D8631AC0060700956C8B /* Event.swift in Sources */ = {isa = PBXBuildFile; fileRef = 86C9D8621AC0060700956C8B /* Event.swift */; };
		86C9D8671AC009F600956C8B /* EventTableViewCell.swift in Sources */ = {isa = PBXBuildFile; fileRef = 86C9D8661AC009F600956C8B /* EventTableViewCell.swift */; };
		86CE3E2F1AD79E0400EED2BA /* DetailsEventViewController.swift in Sources */ = {isa = PBXBuildFile; fileRef = 86CE3E2E1AD79E0400EED2BA /* DetailsEventViewController.swift */; };
		86CFB3A51AE6236900D64E13 /* Firebase.framework in Frameworks */ = {isa = PBXBuildFile; fileRef = 86CFB3A41AE6236900D64E13 /* Firebase.framework */; };
		86CFB3A91AE634CD00D64E13 /* libicucore.dylib in Frameworks */ = {isa = PBXBuildFile; fileRef = 86CFB3A81AE634CD00D64E13 /* libicucore.dylib */; };
		86CFB3AB1AE634D800D64E13 /* libc++.dylib in Frameworks */ = {isa = PBXBuildFile; fileRef = 86CFB3AA1AE634D800D64E13 /* libc++.dylib */; };
		86CFB3AD1AE634E200D64E13 /* CFNetwork.framework in Frameworks */ = {isa = PBXBuildFile; fileRef = 86CFB3AC1AE634E200D64E13 /* CFNetwork.framework */; };
		86CFB3AF1AE634EA00D64E13 /* Security.framework in Frameworks */ = {isa = PBXBuildFile; fileRef = 86CFB3AE1AE634EA00D64E13 /* Security.framework */; };
		86CFB3B11AE634FC00D64E13 /* SystemConfiguration.framework in Frameworks */ = {isa = PBXBuildFile; fileRef = 86CFB3B01AE634FC00D64E13 /* SystemConfiguration.framework */; };
		86DDE7A41B12EDFE00555492 /* StudentLoginViewController.swift in Sources */ = {isa = PBXBuildFile; fileRef = 86DDE7A31B12EDFE00555492 /* StudentLoginViewController.swift */; };
		86DDE7A61B12F37800555492 /* MainStudentTableViewController.swift in Sources */ = {isa = PBXBuildFile; fileRef = 86DDE7A51B12F37800555492 /* MainStudentTableViewController.swift */; };
		86DDE7AA1B131CCC00555492 /* StudentActivityTableViewController.swift in Sources */ = {isa = PBXBuildFile; fileRef = 86DDE7A91B131CCC00555492 /* StudentActivityTableViewController.swift */; };
		86DDE7B31B13203D00555492 /* ClassPickerTableViewController.swift in Sources */ = {isa = PBXBuildFile; fileRef = 86DDE7AB1B13203D00555492 /* ClassPickerTableViewController.swift */; };
		86DDE7B41B13203D00555492 /* TextToSpeechViewController.swift in Sources */ = {isa = PBXBuildFile; fileRef = 86DDE7AC1B13203D00555492 /* TextToSpeechViewController.swift */; };
		86DDE7B51B13203D00555492 /* StudentCellViewCell.swift in Sources */ = {isa = PBXBuildFile; fileRef = 86DDE7AD1B13203D00555492 /* StudentCellViewCell.swift */; };
		86DDE7B61B13203D00555492 /* StudentDetailsTableViewController.swift in Sources */ = {isa = PBXBuildFile; fileRef = 86DDE7AE1B13203D00555492 /* StudentDetailsTableViewController.swift */; };
		86DDE7B71B13203D00555492 /* StudentsTableViewController.swift in Sources */ = {isa = PBXBuildFile; fileRef = 86DDE7AF1B13203D00555492 /* StudentsTableViewController.swift */; };
		86DDE7B81B13203D00555492 /* GenderPickerTableViewController.swift in Sources */ = {isa = PBXBuildFile; fileRef = 86DDE7B01B13203D00555492 /* GenderPickerTableViewController.swift */; };
		86DDE7B91B13203D00555492 /* UpdateStudentsViewController.swift in Sources */ = {isa = PBXBuildFile; fileRef = 86DDE7B11B13203D00555492 /* UpdateStudentsViewController.swift */; };
		86DDE7BA1B13203D00555492 /* Student.swift in Sources */ = {isa = PBXBuildFile; fileRef = 86DDE7B21B13203D00555492 /* Student.swift */; };
		86DDE7BE1B134B1900555492 /* StudentTableViewCell.swift in Sources */ = {isa = PBXBuildFile; fileRef = 86DDE7BD1B134B1900555492 /* StudentTableViewCell.swift */; };
		86E552A21AC544AE0011CB94 /* EventDetailsViewController.swift in Sources */ = {isa = PBXBuildFile; fileRef = 86E552A11AC544AE0011CB94 /* EventDetailsViewController.swift */; };
		86EDF6571B01CB07006A2A39 /* Question Mark-32.png in Resources */ = {isa = PBXBuildFile; fileRef = 86EDF6561B01CB07006A2A39 /* Question Mark-32.png */; };
		86F555B71ADF52FE00DE6019 /* DisableTextFieldProperties.swift in Sources */ = {isa = PBXBuildFile; fileRef = 86F555B61ADF52FE00DE6019 /* DisableTextFieldProperties.swift */; };
		8D3CFD221B079F5D00B44C05 /* TestTableViewController.swift in Sources */ = {isa = PBXBuildFile; fileRef = 8D3CFD211B079F5D00B44C05 /* TestTableViewController.swift */; };
		8D3CFD241B07B63E00B44C05 /* TestTableViewCell.swift in Sources */ = {isa = PBXBuildFile; fileRef = 8D3CFD231B07B63E00B44C05 /* TestTableViewCell.swift */; };
		8D9FEDA41B138D0400EBD92E /* StudentPreparationViewController.swift in Sources */ = {isa = PBXBuildFile; fileRef = 8D9FEDA31B138D0400EBD92E /* StudentPreparationViewController.swift */; };
		8D9FEDA61B1398D200EBD92E /* SupermarketSimulatorViewController.swift in Sources */ = {isa = PBXBuildFile; fileRef = 8D9FEDA51B1398D200EBD92E /* SupermarketSimulatorViewController.swift */; };
		8D9FEDA81B139C4500EBD92E /* ReceiptPhotoViewController.swift in Sources */ = {isa = PBXBuildFile; fileRef = 8D9FEDA71B139C4500EBD92E /* ReceiptPhotoViewController.swift */; };
		8D9FEDAA1B13A08C00EBD92E /* MiniQuizViewController.swift in Sources */ = {isa = PBXBuildFile; fileRef = 8D9FEDA91B13A08C00EBD92E /* MiniQuizViewController.swift */; };
		8D9FEDAE1B13A83200EBD92E /* FeedbackViewController.swift in Sources */ = {isa = PBXBuildFile; fileRef = 8D9FEDAD1B13A83200EBD92E /* FeedbackViewController.swift */; };
		8D9FEDB01B13A9E800EBD92E /* StudentActivityCheckInViewController.swift in Sources */ = {isa = PBXBuildFile; fileRef = 8D9FEDAF1B13A9E800EBD92E /* StudentActivityCheckInViewController.swift */; };
		8DE3B8771B08FCAB007E4227 /* login.jpg in Resources */ = {isa = PBXBuildFile; fileRef = 8DE3B8761B08FCAB007E4227 /* login.jpg */; };
		8DF08E4B1B12143800B61B47 /* CameraViewController.swift in Sources */ = {isa = PBXBuildFile; fileRef = 8DF08E4A1B12143800B61B47 /* CameraViewController.swift */; };
		8DF08E4D1B12143E00B61B47 /* ForgotPassViewController.swift in Sources */ = {isa = PBXBuildFile; fileRef = 8DF08E4C1B12143E00B61B47 /* ForgotPassViewController.swift */; };
		8DF08E501B12144400B61B47 /* RecordedAudio.swift in Sources */ = {isa = PBXBuildFile; fileRef = 8DF08E4E1B12144400B61B47 /* RecordedAudio.swift */; };
		8DF08E511B12144400B61B47 /* RecordViewController.swift in Sources */ = {isa = PBXBuildFile; fileRef = 8DF08E4F1B12144400B61B47 /* RecordViewController.swift */; };
		8DF08E531B12144E00B61B47 /* APSN.png in Resources */ = {isa = PBXBuildFile; fileRef = 8DF08E521B12144E00B61B47 /* APSN.png */; };
		8DF08E551B1215F400B61B47 /* TeacherLoginViewController.swift in Sources */ = {isa = PBXBuildFile; fileRef = 8DF08E541B1215F400B61B47 /* TeacherLoginViewController.swift */; };
		8DF08E571B12160900B61B47 /* TeacherSignUpViewController.swift in Sources */ = {isa = PBXBuildFile; fileRef = 8DF08E561B12160900B61B47 /* TeacherSignUpViewController.swift */; };
		8DF08E5A1B1217F400B61B47 /* TeacherIndexViewController.swift in Sources */ = {isa = PBXBuildFile; fileRef = 8DF08E591B1217F400B61B47 /* TeacherIndexViewController.swift */; };
		8DF08E5F1B1235F700B61B47 /* SettingsTableViewController.swift in Sources */ = {isa = PBXBuildFile; fileRef = 8DF08E5E1B1235F700B61B47 /* SettingsTableViewController.swift */; };
		8DF08E611B12401F00B61B47 /* ChangePasswordTableViewController.swift in Sources */ = {isa = PBXBuildFile; fileRef = 8DF08E601B12401F00B61B47 /* ChangePasswordTableViewController.swift */; };
		8DF08E631B1242E800B61B47 /* ChangeEmailTableViewController.swift in Sources */ = {isa = PBXBuildFile; fileRef = 8DF08E621B1242E800B61B47 /* ChangeEmailTableViewController.swift */; };
/* End PBXBuildFile section */

/* Begin PBXContainerItemProxy section */
		8670879F1ABFE32F00EAAF7B /* PBXContainerItemProxy */ = {
			isa = PBXContainerItemProxy;
			containerPortal = 867087811ABFE32E00EAAF7B /* Project object */;
			proxyType = 1;
			remoteGlobalIDString = 867087881ABFE32E00EAAF7B;
			remoteInfo = test1;
		};
/* End PBXContainerItemProxy section */

/* Begin PBXFileReference section */
		862262621AF754EF00C46B0D /* ImageCameraViewController.swift */ = {isa = PBXFileReference; fileEncoding = 4; lastKnownFileType = sourcecode.swift; path = ImageCameraViewController.swift; sourceTree = "<group>"; };
		865D24271AF9E9C90097AE35 /* login2.jpg */ = {isa = PBXFileReference; lastKnownFileType = image.jpeg; path = login2.jpg; sourceTree = "<group>"; };
		865D24281AF9E9C90097AE35 /* teacher.png */ = {isa = PBXFileReference; lastKnownFileType = image.png; path = teacher.png; sourceTree = "<group>"; };
		865D242D1AF9E9DF0097AE35 /* Tini.png */ = {isa = PBXFileReference; lastKnownFileType = image.png; path = Tini.png; sourceTree = "<group>"; };
		865D242F1AF9EA6D0097AE35 /* LoginViewController.swift */ = {isa = PBXFileReference; fileEncoding = 4; lastKnownFileType = sourcecode.swift; path = LoginViewController.swift; sourceTree = "<group>"; };
		867087891ABFE32E00EAAF7B /* test1.app */ = {isa = PBXFileReference; explicitFileType = wrapper.application; includeInIndex = 0; path = test1.app; sourceTree = BUILT_PRODUCTS_DIR; };
		8670878D1ABFE32E00EAAF7B /* Info.plist */ = {isa = PBXFileReference; lastKnownFileType = text.plist.xml; path = Info.plist; sourceTree = "<group>"; };
		8670878E1ABFE32E00EAAF7B /* AppDelegate.swift */ = {isa = PBXFileReference; lastKnownFileType = sourcecode.swift; path = AppDelegate.swift; sourceTree = "<group>"; };
		867087931ABFE32E00EAAF7B /* Base */ = {isa = PBXFileReference; lastKnownFileType = file.storyboard; name = Base; path = Base.lproj/Main.storyboard; sourceTree = "<group>"; };
		867087951ABFE32E00EAAF7B /* Images.xcassets */ = {isa = PBXFileReference; lastKnownFileType = folder.assetcatalog; path = Images.xcassets; sourceTree = "<group>"; };
		867087981ABFE32E00EAAF7B /* Base */ = {isa = PBXFileReference; lastKnownFileType = file.xib; name = Base; path = Base.lproj/LaunchScreen.xib; sourceTree = "<group>"; };
		8670879E1ABFE32F00EAAF7B /* test1Tests.xctest */ = {isa = PBXFileReference; explicitFileType = wrapper.cfbundle; includeInIndex = 0; path = test1Tests.xctest; sourceTree = BUILT_PRODUCTS_DIR; };
		867087A31ABFE32F00EAAF7B /* Info.plist */ = {isa = PBXFileReference; lastKnownFileType = text.plist.xml; path = Info.plist; sourceTree = "<group>"; };
		867087A41ABFE32F00EAAF7B /* test1Tests.swift */ = {isa = PBXFileReference; lastKnownFileType = sourcecode.swift; path = test1Tests.swift; sourceTree = "<group>"; };
		867087AE1ABFED3B00EAAF7B /* EventsViewController.swift */ = {isa = PBXFileReference; fileEncoding = 4; lastKnownFileType = sourcecode.swift; path = EventsViewController.swift; sourceTree = "<group>"; };
		867E46071ACCEC290096E8AC /* test1-Bridging-Header.h */ = {isa = PBXFileReference; lastKnownFileType = sourcecode.c.h; path = "test1-Bridging-Header.h"; sourceTree = "<group>"; };
		867E46081ACCEC290096E8AC /* FMDB.h */ = {isa = PBXFileReference; fileEncoding = 4; lastKnownFileType = sourcecode.c.h; path = FMDB.h; sourceTree = "<group>"; };
		867E46091ACCEC290096E8AC /* FMDatabase.h */ = {isa = PBXFileReference; fileEncoding = 4; lastKnownFileType = sourcecode.c.h; path = FMDatabase.h; sourceTree = "<group>"; };
		867E460A1ACCEC290096E8AC /* FMDatabase.m */ = {isa = PBXFileReference; fileEncoding = 4; lastKnownFileType = sourcecode.c.objc; path = FMDatabase.m; sourceTree = "<group>"; };
		867E460B1ACCEC290096E8AC /* FMResultSet.h */ = {isa = PBXFileReference; fileEncoding = 4; lastKnownFileType = sourcecode.c.h; path = FMResultSet.h; sourceTree = "<group>"; };
		867E460C1ACCEC290096E8AC /* FMResultSet.m */ = {isa = PBXFileReference; fileEncoding = 4; lastKnownFileType = sourcecode.c.objc; path = FMResultSet.m; sourceTree = "<group>"; };
		867E460D1ACCEC290096E8AC /* FMDatabaseQueue.h */ = {isa = PBXFileReference; fileEncoding = 4; lastKnownFileType = sourcecode.c.h; path = FMDatabaseQueue.h; sourceTree = "<group>"; };
		867E460E1ACCEC290096E8AC /* FMDatabaseQueue.m */ = {isa = PBXFileReference; fileEncoding = 4; lastKnownFileType = sourcecode.c.objc; path = FMDatabaseQueue.m; sourceTree = "<group>"; };
		867E460F1ACCEC290096E8AC /* FMDatabaseAdditions.h */ = {isa = PBXFileReference; fileEncoding = 4; lastKnownFileType = sourcecode.c.h; path = FMDatabaseAdditions.h; sourceTree = "<group>"; };
		867E46101ACCEC290096E8AC /* FMDatabaseAdditions.m */ = {isa = PBXFileReference; fileEncoding = 4; lastKnownFileType = sourcecode.c.objc; path = FMDatabaseAdditions.m; sourceTree = "<group>"; };
		867E46111ACCEC290096E8AC /* FMDatabasePool.h */ = {isa = PBXFileReference; fileEncoding = 4; lastKnownFileType = sourcecode.c.h; path = FMDatabasePool.h; sourceTree = "<group>"; };
		867E46121ACCEC290096E8AC /* FMDatabasePool.m */ = {isa = PBXFileReference; fileEncoding = 4; lastKnownFileType = sourcecode.c.objc; path = FMDatabasePool.m; sourceTree = "<group>"; };
		867E46181ACCECAF0096E8AC /* libsqlite3.0.dylib */ = {isa = PBXFileReference; lastKnownFileType = "compiled.mach-o.dylib"; name = libsqlite3.0.dylib; path = usr/lib/libsqlite3.0.dylib; sourceTree = SDKROOT; };
		867E461A1ACCECB60096E8AC /* libsqlite3.dylib */ = {isa = PBXFileReference; lastKnownFileType = "compiled.mach-o.dylib"; name = libsqlite3.dylib; path = usr/lib/libsqlite3.dylib; sourceTree = SDKROOT; };
		86C9D8621AC0060700956C8B /* Event.swift */ = {isa = PBXFileReference; fileEncoding = 4; lastKnownFileType = sourcecode.swift; path = Event.swift; sourceTree = "<group>"; };
		86C9D8661AC009F600956C8B /* EventTableViewCell.swift */ = {isa = PBXFileReference; fileEncoding = 4; lastKnownFileType = sourcecode.swift; path = EventTableViewCell.swift; sourceTree = "<group>"; };
		86CE3E2E1AD79E0400EED2BA /* DetailsEventViewController.swift */ = {isa = PBXFileReference; fileEncoding = 4; lastKnownFileType = sourcecode.swift; path = DetailsEventViewController.swift; sourceTree = "<group>"; };
		86CFB3A41AE6236900D64E13 /* Firebase.framework */ = {isa = PBXFileReference; lastKnownFileType = wrapper.framework; path = Firebase.framework; sourceTree = "<group>"; };
		86CFB3A81AE634CD00D64E13 /* libicucore.dylib */ = {isa = PBXFileReference; lastKnownFileType = "compiled.mach-o.dylib"; name = libicucore.dylib; path = usr/lib/libicucore.dylib; sourceTree = SDKROOT; };
		86CFB3AA1AE634D800D64E13 /* libc++.dylib */ = {isa = PBXFileReference; lastKnownFileType = "compiled.mach-o.dylib"; name = "libc++.dylib"; path = "usr/lib/libc++.dylib"; sourceTree = SDKROOT; };
		86CFB3AC1AE634E200D64E13 /* CFNetwork.framework */ = {isa = PBXFileReference; lastKnownFileType = wrapper.framework; name = CFNetwork.framework; path = System/Library/Frameworks/CFNetwork.framework; sourceTree = SDKROOT; };
		86CFB3AE1AE634EA00D64E13 /* Security.framework */ = {isa = PBXFileReference; lastKnownFileType = wrapper.framework; name = Security.framework; path = System/Library/Frameworks/Security.framework; sourceTree = SDKROOT; };
		86CFB3B01AE634FC00D64E13 /* SystemConfiguration.framework */ = {isa = PBXFileReference; lastKnownFileType = wrapper.framework; name = SystemConfiguration.framework; path = System/Library/Frameworks/SystemConfiguration.framework; sourceTree = SDKROOT; };
		86DDE7A31B12EDFE00555492 /* StudentLoginViewController.swift */ = {isa = PBXFileReference; fileEncoding = 4; lastKnownFileType = sourcecode.swift; path = StudentLoginViewController.swift; sourceTree = "<group>"; };
		86DDE7A51B12F37800555492 /* MainStudentTableViewController.swift */ = {isa = PBXFileReference; fileEncoding = 4; lastKnownFileType = sourcecode.swift; path = MainStudentTableViewController.swift; sourceTree = "<group>"; };
		86DDE7A91B131CCC00555492 /* StudentActivityTableViewController.swift */ = {isa = PBXFileReference; fileEncoding = 4; lastKnownFileType = sourcecode.swift; path = StudentActivityTableViewController.swift; sourceTree = "<group>"; };
		86DDE7AB1B13203D00555492 /* ClassPickerTableViewController.swift */ = {isa = PBXFileReference; fileEncoding = 4; lastKnownFileType = sourcecode.swift; path = ClassPickerTableViewController.swift; sourceTree = "<group>"; };
		86DDE7AC1B13203D00555492 /* TextToSpeechViewController.swift */ = {isa = PBXFileReference; fileEncoding = 4; lastKnownFileType = sourcecode.swift; path = TextToSpeechViewController.swift; sourceTree = "<group>"; };
		86DDE7AD1B13203D00555492 /* StudentCellViewCell.swift */ = {isa = PBXFileReference; fileEncoding = 4; lastKnownFileType = sourcecode.swift; path = StudentCellViewCell.swift; sourceTree = "<group>"; };
		86DDE7AE1B13203D00555492 /* StudentDetailsTableViewController.swift */ = {isa = PBXFileReference; fileEncoding = 4; lastKnownFileType = sourcecode.swift; path = StudentDetailsTableViewController.swift; sourceTree = "<group>"; };
		86DDE7AF1B13203D00555492 /* StudentsTableViewController.swift */ = {isa = PBXFileReference; fileEncoding = 4; lastKnownFileType = sourcecode.swift; path = StudentsTableViewController.swift; sourceTree = "<group>"; };
		86DDE7B01B13203D00555492 /* GenderPickerTableViewController.swift */ = {isa = PBXFileReference; fileEncoding = 4; lastKnownFileType = sourcecode.swift; path = GenderPickerTableViewController.swift; sourceTree = "<group>"; };
		86DDE7B11B13203D00555492 /* UpdateStudentsViewController.swift */ = {isa = PBXFileReference; fileEncoding = 4; lastKnownFileType = sourcecode.swift; path = UpdateStudentsViewController.swift; sourceTree = "<group>"; };
		86DDE7B21B13203D00555492 /* Student.swift */ = {isa = PBXFileReference; fileEncoding = 4; lastKnownFileType = sourcecode.swift; path = Student.swift; sourceTree = "<group>"; };
		86DDE7BD1B134B1900555492 /* StudentTableViewCell.swift */ = {isa = PBXFileReference; fileEncoding = 4; lastKnownFileType = sourcecode.swift; path = StudentTableViewCell.swift; sourceTree = "<group>"; };
		86E552A11AC544AE0011CB94 /* EventDetailsViewController.swift */ = {isa = PBXFileReference; fileEncoding = 4; lastKnownFileType = sourcecode.swift; path = EventDetailsViewController.swift; sourceTree = "<group>"; };
		86EDF6561B01CB07006A2A39 /* Question Mark-32.png */ = {isa = PBXFileReference; lastKnownFileType = image.png; path = "Question Mark-32.png"; sourceTree = "<group>"; };
		86F555B61ADF52FE00DE6019 /* DisableTextFieldProperties.swift */ = {isa = PBXFileReference; fileEncoding = 4; lastKnownFileType = sourcecode.swift; path = DisableTextFieldProperties.swift; sourceTree = "<group>"; };
		8D3CFD211B079F5D00B44C05 /* TestTableViewController.swift */ = {isa = PBXFileReference; fileEncoding = 4; lastKnownFileType = sourcecode.swift; path = TestTableViewController.swift; sourceTree = "<group>"; };
		8D3CFD231B07B63E00B44C05 /* TestTableViewCell.swift */ = {isa = PBXFileReference; fileEncoding = 4; lastKnownFileType = sourcecode.swift; path = TestTableViewCell.swift; sourceTree = "<group>"; };
		8D9FEDA31B138D0400EBD92E /* StudentPreparationViewController.swift */ = {isa = PBXFileReference; fileEncoding = 4; lastKnownFileType = sourcecode.swift; path = StudentPreparationViewController.swift; sourceTree = "<group>"; };
		8D9FEDA51B1398D200EBD92E /* SupermarketSimulatorViewController.swift */ = {isa = PBXFileReference; fileEncoding = 4; lastKnownFileType = sourcecode.swift; path = SupermarketSimulatorViewController.swift; sourceTree = "<group>"; };
		8D9FEDA71B139C4500EBD92E /* ReceiptPhotoViewController.swift */ = {isa = PBXFileReference; fileEncoding = 4; lastKnownFileType = sourcecode.swift; path = ReceiptPhotoViewController.swift; sourceTree = "<group>"; };
		8D9FEDA91B13A08C00EBD92E /* MiniQuizViewController.swift */ = {isa = PBXFileReference; fileEncoding = 4; lastKnownFileType = sourcecode.swift; path = MiniQuizViewController.swift; sourceTree = "<group>"; };
		8D9FEDAD1B13A83200EBD92E /* FeedbackViewController.swift */ = {isa = PBXFileReference; fileEncoding = 4; lastKnownFileType = sourcecode.swift; path = FeedbackViewController.swift; sourceTree = "<group>"; };
		8D9FEDAF1B13A9E800EBD92E /* StudentActivityCheckInViewController.swift */ = {isa = PBXFileReference; fileEncoding = 4; lastKnownFileType = sourcecode.swift; path = StudentActivityCheckInViewController.swift; sourceTree = "<group>"; };
		8DE3B8761B08FCAB007E4227 /* login.jpg */ = {isa = PBXFileReference; lastKnownFileType = image.jpeg; path = login.jpg; sourceTree = "<group>"; };
		8DF08E4A1B12143800B61B47 /* CameraViewController.swift */ = {isa = PBXFileReference; fileEncoding = 4; lastKnownFileType = sourcecode.swift; path = CameraViewController.swift; sourceTree = "<group>"; };
		8DF08E4C1B12143E00B61B47 /* ForgotPassViewController.swift */ = {isa = PBXFileReference; fileEncoding = 4; lastKnownFileType = sourcecode.swift; path = ForgotPassViewController.swift; sourceTree = "<group>"; };
		8DF08E4E1B12144400B61B47 /* RecordedAudio.swift */ = {isa = PBXFileReference; fileEncoding = 4; lastKnownFileType = sourcecode.swift; path = RecordedAudio.swift; sourceTree = "<group>"; };
		8DF08E4F1B12144400B61B47 /* RecordViewController.swift */ = {isa = PBXFileReference; fileEncoding = 4; lastKnownFileType = sourcecode.swift; path = RecordViewController.swift; sourceTree = "<group>"; };
		8DF08E521B12144E00B61B47 /* APSN.png */ = {isa = PBXFileReference; lastKnownFileType = image.png; path = APSN.png; sourceTree = "<group>"; };
		8DF08E541B1215F400B61B47 /* TeacherLoginViewController.swift */ = {isa = PBXFileReference; fileEncoding = 4; lastKnownFileType = sourcecode.swift; path = TeacherLoginViewController.swift; sourceTree = "<group>"; };
		8DF08E561B12160900B61B47 /* TeacherSignUpViewController.swift */ = {isa = PBXFileReference; fileEncoding = 4; lastKnownFileType = sourcecode.swift; path = TeacherSignUpViewController.swift; sourceTree = "<group>"; };
		8DF08E591B1217F400B61B47 /* TeacherIndexViewController.swift */ = {isa = PBXFileReference; fileEncoding = 4; lastKnownFileType = sourcecode.swift; path = TeacherIndexViewController.swift; sourceTree = "<group>"; };
		8DF08E5E1B1235F700B61B47 /* SettingsTableViewController.swift */ = {isa = PBXFileReference; fileEncoding = 4; lastKnownFileType = sourcecode.swift; path = SettingsTableViewController.swift; sourceTree = "<group>"; };
		8DF08E601B12401F00B61B47 /* ChangePasswordTableViewController.swift */ = {isa = PBXFileReference; fileEncoding = 4; lastKnownFileType = sourcecode.swift; path = ChangePasswordTableViewController.swift; sourceTree = "<group>"; };
		8DF08E621B1242E800B61B47 /* ChangeEmailTableViewController.swift */ = {isa = PBXFileReference; fileEncoding = 4; lastKnownFileType = sourcecode.swift; path = ChangeEmailTableViewController.swift; sourceTree = "<group>"; };
/* End PBXFileReference section */

/* Begin PBXFrameworksBuildPhase section */
		867087861ABFE32E00EAAF7B /* Frameworks */ = {
			isa = PBXFrameworksBuildPhase;
			buildActionMask = 2147483647;
			files = (
				86CFB3A51AE6236900D64E13 /* Firebase.framework in Frameworks */,
				86CFB3B11AE634FC00D64E13 /* SystemConfiguration.framework in Frameworks */,
				86CFB3AF1AE634EA00D64E13 /* Security.framework in Frameworks */,
				86CFB3AD1AE634E200D64E13 /* CFNetwork.framework in Frameworks */,
				86CFB3AB1AE634D800D64E13 /* libc++.dylib in Frameworks */,
				86CFB3A91AE634CD00D64E13 /* libicucore.dylib in Frameworks */,
				867E46191ACCECAF0096E8AC /* libsqlite3.0.dylib in Frameworks */,
				867E461B1ACCECB60096E8AC /* libsqlite3.dylib in Frameworks */,
			);
			runOnlyForDeploymentPostprocessing = 0;
		};
		8670879B1ABFE32F00EAAF7B /* Frameworks */ = {
			isa = PBXFrameworksBuildPhase;
			buildActionMask = 2147483647;
			files = (
			);
			runOnlyForDeploymentPostprocessing = 0;
		};
/* End PBXFrameworksBuildPhase section */

/* Begin PBXGroup section */
		865C35371B01FC91008637DC /* Brydon */ = {
			isa = PBXGroup;
			children = (
				8DF08E4A1B12143800B61B47 /* CameraViewController.swift */,
				8DF08E621B1242E800B61B47 /* ChangeEmailTableViewController.swift */,
				8DF08E601B12401F00B61B47 /* ChangePasswordTableViewController.swift */,
				86CE3E2E1AD79E0400EED2BA /* DetailsEventViewController.swift */,
				86F555B61ADF52FE00DE6019 /* DisableTextFieldProperties.swift */,
				86C9D8621AC0060700956C8B /* Event.swift */,
				86E552A11AC544AE0011CB94 /* EventDetailsViewController.swift */,
				867087AE1ABFED3B00EAAF7B /* EventsViewController.swift */,
				86C9D8661AC009F600956C8B /* EventTableViewCell.swift */,
				8DF08E4C1B12143E00B61B47 /* ForgotPassViewController.swift */,
				865D242F1AF9EA6D0097AE35 /* LoginViewController.swift */,
				86DDE7A51B12F37800555492 /* MainStudentTableViewController.swift */,
				8D9FEDA91B13A08C00EBD92E /* MiniQuizViewController.swift */,
				8D9FEDA71B139C4500EBD92E /* ReceiptPhotoViewController.swift */,
				8DF08E4E1B12144400B61B47 /* RecordedAudio.swift */,
				8DF08E4F1B12144400B61B47 /* RecordViewController.swift */,
				8DF08E5E1B1235F700B61B47 /* SettingsTableViewController.swift */,
				86DDE7A91B131CCC00555492 /* StudentActivityTableViewController.swift */,
				86DDE7A31B12EDFE00555492 /* StudentLoginViewController.swift */,
				8D9FEDA31B138D0400EBD92E /* StudentPreparationViewController.swift */,
				86DDE7BD1B134B1900555492 /* StudentTableViewCell.swift */,
				8D9FEDA51B1398D200EBD92E /* SupermarketSimulatorViewController.swift */,
				8DF08E591B1217F400B61B47 /* TeacherIndexViewController.swift */,
				8DF08E541B1215F400B61B47 /* TeacherLoginViewController.swift */,
				8DF08E561B12160900B61B47 /* TeacherSignUpViewController.swift */,
				8D9FEDAD1B13A83200EBD92E /* FeedbackViewController.swift */,
				8D9FEDAF1B13A9E800EBD92E /* StudentActivityCheckInViewController.swift */,
			);
			name = Brydon;
			sourceTree = "<group>";
		};
		865C35381B020067008637DC /* FMDB FIles */ = {
			isa = PBXGroup;
			children = (
				867E46081ACCEC290096E8AC /* FMDB.h */,
				867E46091ACCEC290096E8AC /* FMDatabase.h */,
				867E460A1ACCEC290096E8AC /* FMDatabase.m */,
				867E460B1ACCEC290096E8AC /* FMResultSet.h */,
				867E460C1ACCEC290096E8AC /* FMResultSet.m */,
				867E460D1ACCEC290096E8AC /* FMDatabaseQueue.h */,
				867E460E1ACCEC290096E8AC /* FMDatabaseQueue.m */,
				867E460F1ACCEC290096E8AC /* FMDatabaseAdditions.h */,
				867E46101ACCEC290096E8AC /* FMDatabaseAdditions.m */,
				867E46111ACCEC290096E8AC /* FMDatabasePool.h */,
				867E46121ACCEC290096E8AC /* FMDatabasePool.m */,
			);
			name = "FMDB FIles";
			sourceTree = "<group>";
		};
		867087801ABFE32E00EAAF7B = {
			isa = PBXGroup;
			children = (
				86CFB3B01AE634FC00D64E13 /* SystemConfiguration.framework */,
				86CFB3AE1AE634EA00D64E13 /* Security.framework */,
				86CFB3AC1AE634E200D64E13 /* CFNetwork.framework */,
				86CFB3AA1AE634D800D64E13 /* libc++.dylib */,
				86CFB3A81AE634CD00D64E13 /* libicucore.dylib */,
				867E461A1ACCECB60096E8AC /* libsqlite3.dylib */,
				86CFB3A41AE6236900D64E13 /* Firebase.framework */,
				867E46181ACCECAF0096E8AC /* libsqlite3.0.dylib */,
				8670878B1ABFE32E00EAAF7B /* test1 */,
				867087A11ABFE32F00EAAF7B /* test1Tests */,
				8670878A1ABFE32E00EAAF7B /* Products */,
			);
			sourceTree = "<group>";
		};
		8670878A1ABFE32E00EAAF7B /* Products */ = {
			isa = PBXGroup;
			children = (
				867087891ABFE32E00EAAF7B /* test1.app */,
				8670879E1ABFE32F00EAAF7B /* test1Tests.xctest */,
			);
			name = Products;
			sourceTree = "<group>";
		};
		8670878B1ABFE32E00EAAF7B /* test1 */ = {
			isa = PBXGroup;
			children = (
				8DF08E581B12169F00B61B47 /* Anas */,
				865C35381B020067008637DC /* FMDB FIles */,
				865C35371B01FC91008637DC /* Brydon */,
				8DE3B8761B08FCAB007E4227 /* login.jpg */,
				86EDF6561B01CB07006A2A39 /* Question Mark-32.png */,
				8670878E1ABFE32E00EAAF7B /* AppDelegate.swift */,
				867087921ABFE32E00EAAF7B /* Main.storyboard */,
				865D242D1AF9E9DF0097AE35 /* Tini.png */,
				865D24281AF9E9C90097AE35 /* teacher.png */,
				8DF08E521B12144E00B61B47 /* APSN.png */,
				865D24271AF9E9C90097AE35 /* login2.jpg */,
				867087951ABFE32E00EAAF7B /* Images.xcassets */,
				867087971ABFE32E00EAAF7B /* LaunchScreen.xib */,
				862262621AF754EF00C46B0D /* ImageCameraViewController.swift */,
				8670878C1ABFE32E00EAAF7B /* Supporting Files */,
				8D3CFD211B079F5D00B44C05 /* TestTableViewController.swift */,
				8D3CFD231B07B63E00B44C05 /* TestTableViewCell.swift */,
			);
			path = test1;
			sourceTree = "<group>";
		};
		8670878C1ABFE32E00EAAF7B /* Supporting Files */ = {
			isa = PBXGroup;
			children = (
				8670878D1ABFE32E00EAAF7B /* Info.plist */,
				867E46071ACCEC290096E8AC /* test1-Bridging-Header.h */,
			);
			name = "Supporting Files";
			sourceTree = "<group>";
		};
		867087A11ABFE32F00EAAF7B /* test1Tests */ = {
			isa = PBXGroup;
			children = (
				867087A41ABFE32F00EAAF7B /* test1Tests.swift */,
				867087A21ABFE32F00EAAF7B /* Supporting Files */,
			);
			path = test1Tests;
			sourceTree = "<group>";
		};
		867087A21ABFE32F00EAAF7B /* Supporting Files */ = {
			isa = PBXGroup;
			children = (
				867087A31ABFE32F00EAAF7B /* Info.plist */,
			);
			name = "Supporting Files";
			sourceTree = "<group>";
		};
		8DF08E581B12169F00B61B47 /* Anas */ = {
			isa = PBXGroup;
			children = (
				86DDE7AB1B13203D00555492 /* ClassPickerTableViewController.swift */,
				86DDE7AC1B13203D00555492 /* TextToSpeechViewController.swift */,
				86DDE7AD1B13203D00555492 /* StudentCellViewCell.swift */,
				86DDE7AE1B13203D00555492 /* StudentDetailsTableViewController.swift */,
				86DDE7AF1B13203D00555492 /* StudentsTableViewController.swift */,
				86DDE7B01B13203D00555492 /* GenderPickerTableViewController.swift */,
				86DDE7B11B13203D00555492 /* UpdateStudentsViewController.swift */,
				86DDE7B21B13203D00555492 /* Student.swift */,
			);
			name = Anas;
			sourceTree = "<group>";
		};
/* End PBXGroup section */

/* Begin PBXNativeTarget section */
		867087881ABFE32E00EAAF7B /* test1 */ = {
			isa = PBXNativeTarget;
			buildConfigurationList = 867087A81ABFE32F00EAAF7B /* Build configuration list for PBXNativeTarget "test1" */;
			buildPhases = (
				867087851ABFE32E00EAAF7B /* Sources */,
				867087861ABFE32E00EAAF7B /* Frameworks */,
				867087871ABFE32E00EAAF7B /* Resources */,
			);
			buildRules = (
			);
			dependencies = (
			);
			name = test1;
			productName = test1;
			productReference = 867087891ABFE32E00EAAF7B /* test1.app */;
			productType = "com.apple.product-type.application";
		};
		8670879D1ABFE32F00EAAF7B /* test1Tests */ = {
			isa = PBXNativeTarget;
			buildConfigurationList = 867087AB1ABFE32F00EAAF7B /* Build configuration list for PBXNativeTarget "test1Tests" */;
			buildPhases = (
				8670879A1ABFE32F00EAAF7B /* Sources */,
				8670879B1ABFE32F00EAAF7B /* Frameworks */,
				8670879C1ABFE32F00EAAF7B /* Resources */,
			);
			buildRules = (
			);
			dependencies = (
				867087A01ABFE32F00EAAF7B /* PBXTargetDependency */,
			);
			name = test1Tests;
			productName = test1Tests;
			productReference = 8670879E1ABFE32F00EAAF7B /* test1Tests.xctest */;
			productType = "com.apple.product-type.bundle.unit-test";
		};
/* End PBXNativeTarget section */

/* Begin PBXProject section */
		867087811ABFE32E00EAAF7B /* Project object */ = {
			isa = PBXProject;
			attributes = {
				LastUpgradeCheck = 0620;
				ORGANIZATIONNAME = nyp;
				TargetAttributes = {
					867087881ABFE32E00EAAF7B = {
						CreatedOnToolsVersion = 6.2;
					};
					8670879D1ABFE32F00EAAF7B = {
						CreatedOnToolsVersion = 6.2;
						TestTargetID = 867087881ABFE32E00EAAF7B;
					};
				};
			};
			buildConfigurationList = 867087841ABFE32E00EAAF7B /* Build configuration list for PBXProject "test1" */;
			compatibilityVersion = "Xcode 3.2";
			developmentRegion = English;
			hasScannedForEncodings = 0;
			knownRegions = (
				en,
				Base,
			);
			mainGroup = 867087801ABFE32E00EAAF7B;
			productRefGroup = 8670878A1ABFE32E00EAAF7B /* Products */;
			projectDirPath = "";
			projectRoot = "";
			targets = (
				867087881ABFE32E00EAAF7B /* test1 */,
				8670879D1ABFE32F00EAAF7B /* test1Tests */,
			);
		};
/* End PBXProject section */

/* Begin PBXResourcesBuildPhase section */
		867087871ABFE32E00EAAF7B /* Resources */ = {
			isa = PBXResourcesBuildPhase;
			buildActionMask = 2147483647;
			files = (
				8DF08E531B12144E00B61B47 /* APSN.png in Resources */,
				865D242B1AF9E9C90097AE35 /* teacher.png in Resources */,
				8DE3B8771B08FCAB007E4227 /* login.jpg in Resources */,
				865D242A1AF9E9C90097AE35 /* login2.jpg in Resources */,
				867087941ABFE32E00EAAF7B /* Main.storyboard in Resources */,
				865D242E1AF9E9DF0097AE35 /* Tini.png in Resources */,
				867087991ABFE32E00EAAF7B /* LaunchScreen.xib in Resources */,
				867087961ABFE32E00EAAF7B /* Images.xcassets in Resources */,
				86EDF6571B01CB07006A2A39 /* Question Mark-32.png in Resources */,
			);
			runOnlyForDeploymentPostprocessing = 0;
		};
		8670879C1ABFE32F00EAAF7B /* Resources */ = {
			isa = PBXResourcesBuildPhase;
			buildActionMask = 2147483647;
			files = (
			);
			runOnlyForDeploymentPostprocessing = 0;
		};
/* End PBXResourcesBuildPhase section */

/* Begin PBXSourcesBuildPhase section */
		867087851ABFE32E00EAAF7B /* Sources */ = {
			isa = PBXSourcesBuildPhase;
			buildActionMask = 2147483647;
			files = (
				86CE3E2F1AD79E0400EED2BA /* DetailsEventViewController.swift in Sources */,
				8D3CFD241B07B63E00B44C05 /* TestTableViewCell.swift in Sources */,
				86C9D8671AC009F600956C8B /* EventTableViewCell.swift in Sources */,
				867E46171ACCEC290096E8AC /* FMDatabasePool.m in Sources */,
				8D9FEDA81B139C4500EBD92E /* ReceiptPhotoViewController.swift in Sources */,
				8DF08E571B12160900B61B47 /* TeacherSignUpViewController.swift in Sources */,
				8DF08E5F1B1235F700B61B47 /* SettingsTableViewController.swift in Sources */,
				86DDE7BA1B13203D00555492 /* Student.swift in Sources */,
				865D24301AF9EA6D0097AE35 /* LoginViewController.swift in Sources */,
				86DDE7B61B13203D00555492 /* StudentDetailsTableViewController.swift in Sources */,
				862262671AF754EF00C46B0D /* ImageCameraViewController.swift in Sources */,
				86DDE7B41B13203D00555492 /* TextToSpeechViewController.swift in Sources */,
				86DDE7A61B12F37800555492 /* MainStudentTableViewController.swift in Sources */,
				86C9D8631AC0060700956C8B /* Event.swift in Sources */,
				8670878F1ABFE32E00EAAF7B /* AppDelegate.swift in Sources */,
				86DDE7B71B13203D00555492 /* StudentsTableViewController.swift in Sources */,
				867E46151ACCEC290096E8AC /* FMDatabaseQueue.m in Sources */,
				8DF08E4B1B12143800B61B47 /* CameraViewController.swift in Sources */,
				8D9FEDA61B1398D200EBD92E /* SupermarketSimulatorViewController.swift in Sources */,
				86F555B71ADF52FE00DE6019 /* DisableTextFieldProperties.swift in Sources */,
				8DF08E5A1B1217F400B61B47 /* TeacherIndexViewController.swift in Sources */,
				8DF08E501B12144400B61B47 /* RecordedAudio.swift in Sources */,
				8D9FEDAA1B13A08C00EBD92E /* MiniQuizViewController.swift in Sources */,
				86DDE7A41B12EDFE00555492 /* StudentLoginViewController.swift in Sources */,
				8DF08E631B1242E800B61B47 /* ChangeEmailTableViewController.swift in Sources */,
				8D9FEDB01B13A9E800EBD92E /* StudentActivityCheckInViewController.swift in Sources */,
				8DF08E511B12144400B61B47 /* RecordViewController.swift in Sources */,
				86E552A21AC544AE0011CB94 /* EventDetailsViewController.swift in Sources */,
				8DF08E4D1B12143E00B61B47 /* ForgotPassViewController.swift in Sources */,
				8D9FEDA41B138D0400EBD92E /* StudentPreparationViewController.swift in Sources */,
				86DDE7B81B13203D00555492 /* GenderPickerTableViewController.swift in Sources */,
				867E46161ACCEC290096E8AC /* FMDatabaseAdditions.m in Sources */,
				86DDE7AA1B131CCC00555492 /* StudentActivityTableViewController.swift in Sources */,
				86DDE7B51B13203D00555492 /* StudentCellViewCell.swift in Sources */,
				86DDE7BE1B134B1900555492 /* StudentTableViewCell.swift in Sources */,
				867E46141ACCEC290096E8AC /* FMResultSet.m in Sources */,
				86DDE7B91B13203D00555492 /* UpdateStudentsViewController.swift in Sources */,
				86DDE7B31B13203D00555492 /* ClassPickerTableViewController.swift in Sources */,
				8D9FEDAE1B13A83200EBD92E /* FeedbackViewController.swift in Sources */,
				8D3CFD221B079F5D00B44C05 /* TestTableViewController.swift in Sources */,
				867087AF1ABFED3B00EAAF7B /* EventsViewController.swift in Sources */,
				867E46131ACCEC290096E8AC /* FMDatabase.m in Sources */,
				8DF08E551B1215F400B61B47 /* TeacherLoginViewController.swift in Sources */,
				8DF08E611B12401F00B61B47 /* ChangePasswordTableViewController.swift in Sources */,
			);
			runOnlyForDeploymentPostprocessing = 0;
		};
		8670879A1ABFE32F00EAAF7B /* Sources */ = {
			isa = PBXSourcesBuildPhase;
			buildActionMask = 2147483647;
			files = (
				867087A51ABFE32F00EAAF7B /* test1Tests.swift in Sources */,
			);
			runOnlyForDeploymentPostprocessing = 0;
		};
/* End PBXSourcesBuildPhase section */

/* Begin PBXTargetDependency section */
		867087A01ABFE32F00EAAF7B /* PBXTargetDependency */ = {
			isa = PBXTargetDependency;
			target = 867087881ABFE32E00EAAF7B /* test1 */;
			targetProxy = 8670879F1ABFE32F00EAAF7B /* PBXContainerItemProxy */;
		};
/* End PBXTargetDependency section */

/* Begin PBXVariantGroup section */
		867087921ABFE32E00EAAF7B /* Main.storyboard */ = {
			isa = PBXVariantGroup;
			children = (
				867087931ABFE32E00EAAF7B /* Base */,
			);
			name = Main.storyboard;
			sourceTree = "<group>";
		};
		867087971ABFE32E00EAAF7B /* LaunchScreen.xib */ = {
			isa = PBXVariantGroup;
			children = (
				867087981ABFE32E00EAAF7B /* Base */,
			);
			name = LaunchScreen.xib;
			sourceTree = "<group>";
		};
/* End PBXVariantGroup section */

/* Begin XCBuildConfiguration section */
		867087A61ABFE32F00EAAF7B /* Debug */ = {
			isa = XCBuildConfiguration;
			buildSettings = {
				ALWAYS_SEARCH_USER_PATHS = NO;
				CLANG_CXX_LANGUAGE_STANDARD = "gnu++0x";
				CLANG_CXX_LIBRARY = "libc++";
				CLANG_ENABLE_MODULES = YES;
				CLANG_ENABLE_OBJC_ARC = YES;
				CLANG_WARN_BOOL_CONVERSION = YES;
				CLANG_WARN_CONSTANT_CONVERSION = YES;
				CLANG_WARN_DIRECT_OBJC_ISA_USAGE = YES_ERROR;
				CLANG_WARN_EMPTY_BODY = YES;
				CLANG_WARN_ENUM_CONVERSION = YES;
				CLANG_WARN_INT_CONVERSION = YES;
				CLANG_WARN_OBJC_ROOT_CLASS = YES_ERROR;
				CLANG_WARN_UNREACHABLE_CODE = YES;
				CLANG_WARN__DUPLICATE_METHOD_MATCH = YES;
				"CODE_SIGN_IDENTITY[sdk=iphoneos*]" = "iPhone Developer";
				COPY_PHASE_STRIP = NO;
				ENABLE_STRICT_OBJC_MSGSEND = YES;
				GCC_C_LANGUAGE_STANDARD = gnu99;
				GCC_DYNAMIC_NO_PIC = NO;
				GCC_OPTIMIZATION_LEVEL = 0;
				GCC_PREPROCESSOR_DEFINITIONS = (
					"DEBUG=1",
					"$(inherited)",
				);
				GCC_SYMBOLS_PRIVATE_EXTERN = NO;
				GCC_WARN_64_TO_32_BIT_CONVERSION = YES;
				GCC_WARN_ABOUT_RETURN_TYPE = YES_ERROR;
				GCC_WARN_UNDECLARED_SELECTOR = YES;
				GCC_WARN_UNINITIALIZED_AUTOS = YES_AGGRESSIVE;
				GCC_WARN_UNUSED_FUNCTION = YES;
				GCC_WARN_UNUSED_VARIABLE = YES;
				IPHONEOS_DEPLOYMENT_TARGET = 8.2;
				MTL_ENABLE_DEBUG_INFO = YES;
				ONLY_ACTIVE_ARCH = YES;
				OTHER_LDFLAGS = "-ObjC";
				SDKROOT = iphoneos;
				SWIFT_OPTIMIZATION_LEVEL = "-Onone";
				TARGETED_DEVICE_FAMILY = 2;
			};
			name = Debug;
		};
		867087A71ABFE32F00EAAF7B /* Release */ = {
			isa = XCBuildConfiguration;
			buildSettings = {
				ALWAYS_SEARCH_USER_PATHS = NO;
				CLANG_CXX_LANGUAGE_STANDARD = "gnu++0x";
				CLANG_CXX_LIBRARY = "libc++";
				CLANG_ENABLE_MODULES = YES;
				CLANG_ENABLE_OBJC_ARC = YES;
				CLANG_WARN_BOOL_CONVERSION = YES;
				CLANG_WARN_CONSTANT_CONVERSION = YES;
				CLANG_WARN_DIRECT_OBJC_ISA_USAGE = YES_ERROR;
				CLANG_WARN_EMPTY_BODY = YES;
				CLANG_WARN_ENUM_CONVERSION = YES;
				CLANG_WARN_INT_CONVERSION = YES;
				CLANG_WARN_OBJC_ROOT_CLASS = YES_ERROR;
				CLANG_WARN_UNREACHABLE_CODE = YES;
				CLANG_WARN__DUPLICATE_METHOD_MATCH = YES;
				"CODE_SIGN_IDENTITY[sdk=iphoneos*]" = "iPhone Developer";
				COPY_PHASE_STRIP = NO;
				ENABLE_NS_ASSERTIONS = NO;
				ENABLE_STRICT_OBJC_MSGSEND = YES;
				GCC_C_LANGUAGE_STANDARD = gnu99;
				GCC_WARN_64_TO_32_BIT_CONVERSION = YES;
				GCC_WARN_ABOUT_RETURN_TYPE = YES_ERROR;
				GCC_WARN_UNDECLARED_SELECTOR = YES;
				GCC_WARN_UNINITIALIZED_AUTOS = YES_AGGRESSIVE;
				GCC_WARN_UNUSED_FUNCTION = YES;
				GCC_WARN_UNUSED_VARIABLE = YES;
				IPHONEOS_DEPLOYMENT_TARGET = 8.2;
				MTL_ENABLE_DEBUG_INFO = NO;
				OTHER_LDFLAGS = "-ObjC";
				SDKROOT = iphoneos;
				TARGETED_DEVICE_FAMILY = 2;
				VALIDATE_PRODUCT = YES;
			};
			name = Release;
		};
		867087A91ABFE32F00EAAF7B /* Debug */ = {
			isa = XCBuildConfiguration;
			buildSettings = {
				ASSETCATALOG_COMPILER_APPICON_NAME = AppIcon;
				CLANG_ENABLE_MODULES = YES;
				FRAMEWORK_SEARCH_PATHS = (
					"$(inherited)",
					"$(PROJECT_DIR)",
				);
				INFOPLIST_FILE = test1/Info.plist;
				IPHONEOS_DEPLOYMENT_TARGET = 8.0;
				LD_RUNPATH_SEARCH_PATHS = "$(inherited) @executable_path/Frameworks";
				New_Setting = "";
				PRODUCT_NAME = "$(TARGET_NAME)";
				SWIFT_OBJC_BRIDGING_HEADER = "test1/test1-Bridging-Header.h";
				SWIFT_OPTIMIZATION_LEVEL = "-Onone";
				TARGETED_DEVICE_FAMILY = 2;
			};
			name = Debug;
		};
		867087AA1ABFE32F00EAAF7B /* Release */ = {
			isa = XCBuildConfiguration;
			buildSettings = {
				ASSETCATALOG_COMPILER_APPICON_NAME = AppIcon;
				CLANG_ENABLE_MODULES = YES;
				FRAMEWORK_SEARCH_PATHS = (
					"$(inherited)",
					"$(PROJECT_DIR)",
				);
				INFOPLIST_FILE = test1/Info.plist;
				IPHONEOS_DEPLOYMENT_TARGET = 8.0;
				LD_RUNPATH_SEARCH_PATHS = "$(inherited) @executable_path/Frameworks";
				New_Setting = "";
				PRODUCT_NAME = "$(TARGET_NAME)";
				SWIFT_OBJC_BRIDGING_HEADER = "test1/test1-Bridging-Header.h";
				TARGETED_DEVICE_FAMILY = 2;
			};
			name = Release;
		};
		867087AC1ABFE32F00EAAF7B /* Debug */ = {
			isa = XCBuildConfiguration;
			buildSettings = {
				BUNDLE_LOADER = "$(TEST_HOST)";
				FRAMEWORK_SEARCH_PATHS = (
					"$(SDKROOT)/Developer/Library/Frameworks",
					"$(inherited)",
				);
				GCC_PREPROCESSOR_DEFINITIONS = (
					"DEBUG=1",
					"$(inherited)",
				);
				INFOPLIST_FILE = test1Tests/Info.plist;
				LD_RUNPATH_SEARCH_PATHS = "$(inherited) @executable_path/Frameworks @loader_path/Frameworks";
				PRODUCT_NAME = "$(TARGET_NAME)";
				TEST_HOST = "$(BUILT_PRODUCTS_DIR)/test1.app/test1";
			};
			name = Debug;
		};
		867087AD1ABFE32F00EAAF7B /* Release */ = {
			isa = XCBuildConfiguration;
			buildSettings = {
				BUNDLE_LOADER = "$(TEST_HOST)";
				FRAMEWORK_SEARCH_PATHS = (
					"$(SDKROOT)/Developer/Library/Frameworks",
					"$(inherited)",
				);
				INFOPLIST_FILE = test1Tests/Info.plist;
				LD_RUNPATH_SEARCH_PATHS = "$(inherited) @executable_path/Frameworks @loader_path/Frameworks";
				PRODUCT_NAME = "$(TARGET_NAME)";
				TEST_HOST = "$(BUILT_PRODUCTS_DIR)/test1.app/test1";
			};
			name = Release;
		};
/* End XCBuildConfiguration section */

/* Begin XCConfigurationList section */
		867087841ABFE32E00EAAF7B /* Build configuration list for PBXProject "test1" */ = {
			isa = XCConfigurationList;
			buildConfigurations = (
				867087A61ABFE32F00EAAF7B /* Debug */,
				867087A71ABFE32F00EAAF7B /* Release */,
			);
			defaultConfigurationIsVisible = 0;
			defaultConfigurationName = Release;
		};
		867087A81ABFE32F00EAAF7B /* Build configuration list for PBXNativeTarget "test1" */ = {
			isa = XCConfigurationList;
			buildConfigurations = (
				867087A91ABFE32F00EAAF7B /* Debug */,
				867087AA1ABFE32F00EAAF7B /* Release */,
			);
			defaultConfigurationIsVisible = 0;
			defaultConfigurationName = Release;
		};
		867087AB1ABFE32F00EAAF7B /* Build configuration list for PBXNativeTarget "test1Tests" */ = {
			isa = XCConfigurationList;
			buildConfigurations = (
				867087AC1ABFE32F00EAAF7B /* Debug */,
				867087AD1ABFE32F00EAAF7B /* Release */,
			);
			defaultConfigurationIsVisible = 0;
			defaultConfigurationName = Release;
		};
/* End XCConfigurationList section */
	};
	rootObject = 867087811ABFE32E00EAAF7B /* Project object */;
}
